
Microsoft Visual Studio Solution File, Format Version 12.00
# Visual Studio Version 16
VisualStudioVersion = 16.0.30204.135
MinimumVisualStudioVersion = 10.0.40219.1
Project("{FAE04EC0-301F-11D3-BF4B-00C04F79EFBC}") = "Dan_XLVIII_Bojana_Backo", "Dan_XLVIII_Bojana_Backo\Dan_XLVIII_Bojana_Backo.csproj", "{171206A9-C2E1-4560-9E16-A3CC0B1F105A}"
EndProject
Global
	GlobalSection(SolutionConfigurationPlatforms) = preSolution
		Debug|Any CPU = Debug|Any CPU
		Release|Any CPU = Release|Any CPU
	EndGlobalSection
	GlobalSection(ProjectConfigurationPlatforms) = postSolution
		{171206A9-C2E1-4560-9E16-A3CC0B1F105A}.Debug|Any CPU.ActiveCfg = Debug|Any CPU
		{171206A9-C2E1-4560-9E16-A3CC0B1F105A}.Debug|Any CPU.Build.0 = Debug|Any CPU
		{171206A9-C2E1-4560-9E16-A3CC0B1F105A}.Release|Any CPU.ActiveCfg = Release|Any CPU
		{171206A9-C2E1-4560-9E16-A3CC0B1F105A}.Release|Any CPU.Build.0 = Release|Any CPU
	EndGlobalSection
	GlobalSection(SolutionProperties) = preSolution
		HideSolutionNode = FALSE
	EndGlobalSection
	GlobalSection(ExtensibilityGlobals) = postSolution
		SolutionGuid = {FA06CBBE-0389-45F2-88BD-2B33CDE6B25C}
	EndGlobalSection
EndGlobal
